<?xml version="1.0" encoding="utf-8"?>
<Project ToolsVersion="4.0" xmlns="http://schemas.microsoft.com/developer/msbuild/2003">
  <ItemGroup>
    <Filter Include="Resources">
      <UniqueIdentifier>69c2ea20-656c-490b-8fac-864ef9529320</UniqueIdentifier>
      <Extensions>rc;ico;cur;bmp;dlg;rc2;rct;bin;rgs;gif;jpg;jpeg;jpe;resx;tiff;tif;png;wav;mfcribbon-ms</Extensions>
    </Filter>
  </ItemGroup>
  <ItemGroup>
    <ClCompile Include="pch.cpp" />
    <ClCompile Include="SpectrumAnalyzerXAPO.cpp" />
    <ClCompile Include="player.cpp" />
    <ClCompile Include="FFTSampleAggregator.cpp" />
  </ItemGroup>
  <ItemGroup>
    <ClInclude Include="pch.h" />
    <ClInclude Include="SpectrumAnalyzerXAPO.h" />
    <ClInclude Include="utils.h" />
    <ClInclude Include="player.h" />
    <ClInclude Include="XDSP.h" />
    <ClInclude Include="FFTSampleAggregator.h" />
  </ItemGroup>
</Project>