
Microsoft Visual Studio Solution File, Format Version 12.00
# Visual Studio 2012
Project("{FAE04EC0-301F-11D3-BF4B-00C04F79EFBC}") = "ScreenSystem.W8", "ScreenSystem.W8\ScreenSystem.W8.csproj", "{B82F87BE-6A82-4240-864A-AAC8966A3F0C}"
EndProject
Project("{FAE04EC0-301F-11D3-BF4B-00C04F79EFBC}") = "SwarmEngine.W8", "SwarmEngine.W8\SwarmEngine.W8.csproj", "{8BA84DE0-E042-403B-9338-15A76F12A14A}"
EndProject
Project("{FAE04EC0-301F-11D3-BF4B-00C04F79EFBC}") = "XNASwarms.W8", "XNASwarms.W8\XNASwarms.W8.csproj", "{99D29725-C4FC-44CD-BAC0-74D98CE6AA03}"
EndProject
Project("{FAE04EC0-301F-11D3-BF4B-00C04F79EFBC}") = "XNASwarmsXAML.W8", "XNASwarmsXAML.W8\XNASwarmsXAML.W8.csproj", "{14A6A9A8-E74B-4E46-ACC4-DA0943C55E13}"
EndProject
Project("{FAE04EC0-301F-11D3-BF4B-00C04F79EFBC}") = "SwarmAnalysisEngine.W8", "SwarmAnalysisEngine.W8\SwarmAnalysisEngine.W8.csproj", "{FD87B571-0F0A-4F16-A154-96D94353E52E}"
EndProject
Project("{FAE04EC0-301F-11D3-BF4B-00C04F79EFBC}") = "VSS", "..\ConsoleApplicationVSS\VSS\VSS.csproj", "{56EE1E64-C0E4-411B-9366-85A57FDBE4D6}"
EndProject
Project("{FAE04EC0-301F-11D3-BF4B-00C04F79EFBC}") = "VSS.W8", "VSS.W8\VSS.W8.csproj", "{B0D3E26D-3CAA-433A-91D2-B844EAC0A897}"
EndProject
Project("{FAE04EC0-301F-11D3-BF4B-00C04F79EFBC}") = "ConsoleApplicationVSSTest", "..\..\..\..\Visual Studio 2012\Projects\ConsoleApplicationVSSTest\ConsoleApplicationVSSTest\ConsoleApplicationVSSTest.csproj", "{338B7834-F865-410E-90C1-43323DB2307D}"
EndProject
Project("{FAE04EC0-301F-11D3-BF4B-00C04F79EFBC}") = "WindowsStoreTest", "WindowsStoreTest\WindowsStoreTest.csproj", "{45CB82A5-BF5D-4184-AD4B-7D0DEAB2BFBC}"
EndProject
Global
	GlobalSection(SolutionConfigurationPlatforms) = preSolution
		Debug|Any CPU = Debug|Any CPU
		Debug|ARM = Debug|ARM
		Debug|x64 = Debug|x64
		Debug|x86 = Debug|x86
		Release|Any CPU = Release|Any CPU
		Release|ARM = Release|ARM
		Release|x64 = Release|x64
		Release|x86 = Release|x86
	EndGlobalSection
	GlobalSection(ProjectConfigurationPlatforms) = postSolution
		{B82F87BE-6A82-4240-864A-AAC8966A3F0C}.Debug|Any CPU.ActiveCfg = Debug|Any CPU
		{B82F87BE-6A82-4240-864A-AAC8966A3F0C}.Debug|Any CPU.Build.0 = Debug|Any CPU
		{B82F87BE-6A82-4240-864A-AAC8966A3F0C}.Debug|ARM.ActiveCfg = Debug|ARM
		{B82F87BE-6A82-4240-864A-AAC8966A3F0C}.Debug|ARM.Build.0 = Debug|ARM
		{B82F87BE-6A82-4240-864A-AAC8966A3F0C}.Debug|x64.ActiveCfg = Debug|x64
		{B82F87BE-6A82-4240-864A-AAC8966A3F0C}.Debug|x64.Build.0 = Debug|x64
		{B82F87BE-6A82-4240-864A-AAC8966A3F0C}.Debug|x86.ActiveCfg = Debug|x86
		{B82F87BE-6A82-4240-864A-AAC8966A3F0C}.Debug|x86.Build.0 = Debug|x86
		{B82F87BE-6A82-4240-864A-AAC8966A3F0C}.Release|Any CPU.ActiveCfg = Release|Any CPU
		{B82F87BE-6A82-4240-864A-AAC8966A3F0C}.Release|Any CPU.Build.0 = Release|Any CPU
		{B82F87BE-6A82-4240-864A-AAC8966A3F0C}.Release|ARM.ActiveCfg = Release|ARM
		{B82F87BE-6A82-4240-864A-AAC8966A3F0C}.Release|ARM.Build.0 = Release|ARM
		{B82F87BE-6A82-4240-864A-AAC8966A3F0C}.Release|x64.ActiveCfg = Release|x64
		{B82F87BE-6A82-4240-864A-AAC8966A3F0C}.Release|x64.Build.0 = Release|x64
		{B82F87BE-6A82-4240-864A-AAC8966A3F0C}.Release|x86.ActiveCfg = Release|x86
		{B82F87BE-6A82-4240-864A-AAC8966A3F0C}.Release|x86.Build.0 = Release|x86
		{8BA84DE0-E042-403B-9338-15A76F12A14A}.Debug|Any CPU.ActiveCfg = Release|Any CPU
		{8BA84DE0-E042-403B-9338-15A76F12A14A}.Debug|Any CPU.Build.0 = Release|Any CPU
		{8BA84DE0-E042-403B-9338-15A76F12A14A}.Debug|ARM.ActiveCfg = Debug|ARM
		{8BA84DE0-E042-403B-9338-15A76F12A14A}.Debug|ARM.Build.0 = Debug|ARM
		{8BA84DE0-E042-403B-9338-15A76F12A14A}.Debug|x64.ActiveCfg = Debug|x64
		{8BA84DE0-E042-403B-9338-15A76F12A14A}.Debug|x64.Build.0 = Debug|x64
		{8BA84DE0-E042-403B-9338-15A76F12A14A}.Debug|x86.ActiveCfg = Debug|x86
		{8BA84DE0-E042-403B-9338-15A76F12A14A}.Debug|x86.Build.0 = Debug|x86
		{8BA84DE0-E042-403B-9338-15A76F12A14A}.Release|Any CPU.ActiveCfg = Release|Any CPU
		{8BA84DE0-E042-403B-9338-15A76F12A14A}.Release|Any CPU.Build.0 = Release|Any CPU
		{8BA84DE0-E042-403B-9338-15A76F12A14A}.Release|ARM.ActiveCfg = Release|ARM
		{8BA84DE0-E042-403B-9338-15A76F12A14A}.Release|ARM.Build.0 = Release|ARM
		{8BA84DE0-E042-403B-9338-15A76F12A14A}.Release|x64.ActiveCfg = Release|x64
		{8BA84DE0-E042-403B-9338-15A76F12A14A}.Release|x64.Build.0 = Release|x64
		{8BA84DE0-E042-403B-9338-15A76F12A14A}.Release|x86.ActiveCfg = Release|x86
		{8BA84DE0-E042-403B-9338-15A76F12A14A}.Release|x86.Build.0 = Release|x86
		{99D29725-C4FC-44CD-BAC0-74D98CE6AA03}.Debug|Any CPU.ActiveCfg = Release|Any CPU
		{99D29725-C4FC-44CD-BAC0-74D98CE6AA03}.Debug|Any CPU.Build.0 = Release|Any CPU
		{99D29725-C4FC-44CD-BAC0-74D98CE6AA03}.Debug|Any CPU.Deploy.0 = Release|Any CPU
		{99D29725-C4FC-44CD-BAC0-74D98CE6AA03}.Debug|ARM.ActiveCfg = Debug|ARM
		{99D29725-C4FC-44CD-BAC0-74D98CE6AA03}.Debug|ARM.Build.0 = Debug|ARM
		{99D29725-C4FC-44CD-BAC0-74D98CE6AA03}.Debug|ARM.Deploy.0 = Debug|ARM
		{99D29725-C4FC-44CD-BAC0-74D98CE6AA03}.Debug|x64.ActiveCfg = Debug|x64
		{99D29725-C4FC-44CD-BAC0-74D98CE6AA03}.Debug|x64.Build.0 = Debug|x64
		{99D29725-C4FC-44CD-BAC0-74D98CE6AA03}.Debug|x64.Deploy.0 = Debug|x64
		{99D29725-C4FC-44CD-BAC0-74D98CE6AA03}.Debug|x86.ActiveCfg = Debug|x86
		{99D29725-C4FC-44CD-BAC0-74D98CE6AA03}.Debug|x86.Build.0 = Debug|x86
		{99D29725-C4FC-44CD-BAC0-74D98CE6AA03}.Debug|x86.Deploy.0 = Debug|x86
		{99D29725-C4FC-44CD-BAC0-74D98CE6AA03}.Release|Any CPU.ActiveCfg = Release|Any CPU
		{99D29725-C4FC-44CD-BAC0-74D98CE6AA03}.Release|Any CPU.Build.0 = Release|Any CPU
		{99D29725-C4FC-44CD-BAC0-74D98CE6AA03}.Release|Any CPU.Deploy.0 = Release|Any CPU
		{99D29725-C4FC-44CD-BAC0-74D98CE6AA03}.Release|ARM.ActiveCfg = Release|ARM
		{99D29725-C4FC-44CD-BAC0-74D98CE6AA03}.Release|ARM.Build.0 = Release|ARM
		{99D29725-C4FC-44CD-BAC0-74D98CE6AA03}.Release|ARM.Deploy.0 = Release|ARM
		{99D29725-C4FC-44CD-BAC0-74D98CE6AA03}.Release|x64.ActiveCfg = Release|x64
		{99D29725-C4FC-44CD-BAC0-74D98CE6AA03}.Release|x64.Build.0 = Release|x64
		{99D29725-C4FC-44CD-BAC0-74D98CE6AA03}.Release|x64.Deploy.0 = Release|x64
		{99D29725-C4FC-44CD-BAC0-74D98CE6AA03}.Release|x86.ActiveCfg = Release|x86
		{99D29725-C4FC-44CD-BAC0-74D98CE6AA03}.Release|x86.Build.0 = Release|x86
		{99D29725-C4FC-44CD-BAC0-74D98CE6AA03}.Release|x86.Deploy.0 = Release|x86
		{14A6A9A8-E74B-4E46-ACC4-DA0943C55E13}.Debug|Any CPU.ActiveCfg = Release|Any CPU
		{14A6A9A8-E74B-4E46-ACC4-DA0943C55E13}.Debug|Any CPU.Build.0 = Release|Any CPU
		{14A6A9A8-E74B-4E46-ACC4-DA0943C55E13}.Debug|Any CPU.Deploy.0 = Release|Any CPU
		{14A6A9A8-E74B-4E46-ACC4-DA0943C55E13}.Debug|ARM.ActiveCfg = Debug|ARM
		{14A6A9A8-E74B-4E46-ACC4-DA0943C55E13}.Debug|ARM.Build.0 = Debug|ARM
		{14A6A9A8-E74B-4E46-ACC4-DA0943C55E13}.Debug|ARM.Deploy.0 = Debug|ARM
		{14A6A9A8-E74B-4E46-ACC4-DA0943C55E13}.Debug|x64.ActiveCfg = Debug|x64
		{14A6A9A8-E74B-4E46-ACC4-DA0943C55E13}.Debug|x64.Build.0 = Debug|x64
		{14A6A9A8-E74B-4E46-ACC4-DA0943C55E13}.Debug|x64.Deploy.0 = Debug|x64
		{14A6A9A8-E74B-4E46-ACC4-DA0943C55E13}.Debug|x86.ActiveCfg = Debug|x86
		{14A6A9A8-E74B-4E46-ACC4-DA0943C55E13}.Debug|x86.Build.0 = Debug|x86
		{14A6A9A8-E74B-4E46-ACC4-DA0943C55E13}.Debug|x86.Deploy.0 = Debug|x86
		{14A6A9A8-E74B-4E46-ACC4-DA0943C55E13}.Release|Any CPU.ActiveCfg = Release|Any CPU
		{14A6A9A8-E74B-4E46-ACC4-DA0943C55E13}.Release|Any CPU.Build.0 = Release|Any CPU
		{14A6A9A8-E74B-4E46-ACC4-DA0943C55E13}.Release|Any CPU.Deploy.0 = Release|Any CPU
		{14A6A9A8-E74B-4E46-ACC4-DA0943C55E13}.Release|ARM.ActiveCfg = Release|ARM
		{14A6A9A8-E74B-4E46-ACC4-DA0943C55E13}.Release|ARM.Build.0 = Release|ARM
		{14A6A9A8-E74B-4E46-ACC4-DA0943C55E13}.Release|ARM.Deploy.0 = Release|ARM
		{14A6A9A8-E74B-4E46-ACC4-DA0943C55E13}.Release|x64.ActiveCfg = Release|x64
		{14A6A9A8-E74B-4E46-ACC4-DA0943C55E13}.Release|x64.Build.0 = Release|x64
		{14A6A9A8-E74B-4E46-ACC4-DA0943C55E13}.Release|x64.Deploy.0 = Release|x64
		{14A6A9A8-E74B-4E46-ACC4-DA0943C55E13}.Release|x86.ActiveCfg = Release|x86
		{14A6A9A8-E74B-4E46-ACC4-DA0943C55E13}.Release|x86.Build.0 = Release|x86
		{14A6A9A8-E74B-4E46-ACC4-DA0943C55E13}.Release|x86.Deploy.0 = Release|x86
		{FD87B571-0F0A-4F16-A154-96D94353E52E}.Debug|Any CPU.ActiveCfg = Release|Any CPU
		{FD87B571-0F0A-4F16-A154-96D94353E52E}.Debug|Any CPU.Build.0 = Release|Any CPU
		{FD87B571-0F0A-4F16-A154-96D94353E52E}.Debug|ARM.ActiveCfg = Debug|ARM
		{FD87B571-0F0A-4F16-A154-96D94353E52E}.Debug|ARM.Build.0 = Debug|ARM
		{FD87B571-0F0A-4F16-A154-96D94353E52E}.Debug|x64.ActiveCfg = Debug|x64
		{FD87B571-0F0A-4F16-A154-96D94353E52E}.Debug|x64.Build.0 = Debug|x64
		{FD87B571-0F0A-4F16-A154-96D94353E52E}.Debug|x86.ActiveCfg = Debug|x86
		{FD87B571-0F0A-4F16-A154-96D94353E52E}.Debug|x86.Build.0 = Debug|x86
		{FD87B571-0F0A-4F16-A154-96D94353E52E}.Release|Any CPU.ActiveCfg = Release|Any CPU
		{FD87B571-0F0A-4F16-A154-96D94353E52E}.Release|Any CPU.Build.0 = Release|Any CPU
		{FD87B571-0F0A-4F16-A154-96D94353E52E}.Release|ARM.ActiveCfg = Release|ARM
		{FD87B571-0F0A-4F16-A154-96D94353E52E}.Release|ARM.Build.0 = Release|ARM
		{FD87B571-0F0A-4F16-A154-96D94353E52E}.Release|x64.ActiveCfg = Release|x64
		{FD87B571-0F0A-4F16-A154-96D94353E52E}.Release|x64.Build.0 = Release|x64
		{FD87B571-0F0A-4F16-A154-96D94353E52E}.Release|x86.ActiveCfg = Release|x86
		{FD87B571-0F0A-4F16-A154-96D94353E52E}.Release|x86.Build.0 = Release|x86
		{56EE1E64-C0E4-411B-9366-85A57FDBE4D6}.Debug|Any CPU.ActiveCfg = Debug|Any CPU
		{56EE1E64-C0E4-411B-9366-85A57FDBE4D6}.Debug|Any CPU.Build.0 = Debug|Any CPU
		{56EE1E64-C0E4-411B-9366-85A57FDBE4D6}.Debug|ARM.ActiveCfg = Debug|Any CPU
		{56EE1E64-C0E4-411B-9366-85A57FDBE4D6}.Debug|x64.ActiveCfg = Debug|Any CPU
		{56EE1E64-C0E4-411B-9366-85A57FDBE4D6}.Debug|x86.ActiveCfg = Debug|Any CPU
		{56EE1E64-C0E4-411B-9366-85A57FDBE4D6}.Release|Any CPU.ActiveCfg = Release|Any CPU
		{56EE1E64-C0E4-411B-9366-85A57FDBE4D6}.Release|Any CPU.Build.0 = Release|Any CPU
		{56EE1E64-C0E4-411B-9366-85A57FDBE4D6}.Release|ARM.ActiveCfg = Release|Any CPU
		{56EE1E64-C0E4-411B-9366-85A57FDBE4D6}.Release|x64.ActiveCfg = Release|Any CPU
		{56EE1E64-C0E4-411B-9366-85A57FDBE4D6}.Release|x86.ActiveCfg = Release|Any CPU
		{B0D3E26D-3CAA-433A-91D2-B844EAC0A897}.Debug|Any CPU.ActiveCfg = Debug|Any CPU
		{B0D3E26D-3CAA-433A-91D2-B844EAC0A897}.Debug|Any CPU.Build.0 = Debug|Any CPU
		{B0D3E26D-3CAA-433A-91D2-B844EAC0A897}.Debug|ARM.ActiveCfg = Debug|ARM
		{B0D3E26D-3CAA-433A-91D2-B844EAC0A897}.Debug|ARM.Build.0 = Debug|ARM
		{B0D3E26D-3CAA-433A-91D2-B844EAC0A897}.Debug|x64.ActiveCfg = Debug|x64
		{B0D3E26D-3CAA-433A-91D2-B844EAC0A897}.Debug|x64.Build.0 = Debug|x64
		{B0D3E26D-3CAA-433A-91D2-B844EAC0A897}.Debug|x86.ActiveCfg = Debug|x86
		{B0D3E26D-3CAA-433A-91D2-B844EAC0A897}.Debug|x86.Build.0 = Debug|x86
		{B0D3E26D-3CAA-433A-91D2-B844EAC0A897}.Release|Any CPU.ActiveCfg = Release|Any CPU
		{B0D3E26D-3CAA-433A-91D2-B844EAC0A897}.Release|Any CPU.Build.0 = Release|Any CPU
		{B0D3E26D-3CAA-433A-91D2-B844EAC0A897}.Release|ARM.ActiveCfg = Release|ARM
		{B0D3E26D-3CAA-433A-91D2-B844EAC0A897}.Release|ARM.Build.0 = Release|ARM
		{B0D3E26D-3CAA-433A-91D2-B844EAC0A897}.Release|x64.ActiveCfg = Release|x64
		{B0D3E26D-3CAA-433A-91D2-B844EAC0A897}.Release|x64.Build.0 = Release|x64
		{B0D3E26D-3CAA-433A-91D2-B844EAC0A897}.Release|x86.ActiveCfg = Release|x86
		{B0D3E26D-3CAA-433A-91D2-B844EAC0A897}.Release|x86.Build.0 = Release|x86
		{338B7834-F865-410E-90C1-43323DB2307D}.Debug|Any CPU.ActiveCfg = Debug|Any CPU
		{338B7834-F865-410E-90C1-43323DB2307D}.Debug|Any CPU.Build.0 = Debug|Any CPU
		{338B7834-F865-410E-90C1-43323DB2307D}.Debug|ARM.ActiveCfg = Debug|Any CPU
		{338B7834-F865-410E-90C1-43323DB2307D}.Debug|x64.ActiveCfg = Debug|Any CPU
		{338B7834-F865-410E-90C1-43323DB2307D}.Debug|x86.ActiveCfg = Debug|Any CPU
		{338B7834-F865-410E-90C1-43323DB2307D}.Release|Any CPU.ActiveCfg = Release|Any CPU
		{338B7834-F865-410E-90C1-43323DB2307D}.Release|Any CPU.Build.0 = Release|Any CPU
		{338B7834-F865-410E-90C1-43323DB2307D}.Release|ARM.ActiveCfg = Release|Any CPU
		{338B7834-F865-410E-90C1-43323DB2307D}.Release|x64.ActiveCfg = Release|Any CPU
		{338B7834-F865-410E-90C1-43323DB2307D}.Release|x86.ActiveCfg = Release|Any CPU
		{45CB82A5-BF5D-4184-AD4B-7D0DEAB2BFBC}.Debug|Any CPU.ActiveCfg = Debug|Any CPU
		{45CB82A5-BF5D-4184-AD4B-7D0DEAB2BFBC}.Debug|Any CPU.Build.0 = Debug|Any CPU
		{45CB82A5-BF5D-4184-AD4B-7D0DEAB2BFBC}.Debug|Any CPU.Deploy.0 = Debug|Any CPU
		{45CB82A5-BF5D-4184-AD4B-7D0DEAB2BFBC}.Debug|ARM.ActiveCfg = Debug|ARM
		{45CB82A5-BF5D-4184-AD4B-7D0DEAB2BFBC}.Debug|ARM.Build.0 = Debug|ARM
		{45CB82A5-BF5D-4184-AD4B-7D0DEAB2BFBC}.Debug|ARM.Deploy.0 = Debug|ARM
		{45CB82A5-BF5D-4184-AD4B-7D0DEAB2BFBC}.Debug|x64.ActiveCfg = Debug|x64
		{45CB82A5-BF5D-4184-AD4B-7D0DEAB2BFBC}.Debug|x64.Build.0 = Debug|x64
		{45CB82A5-BF5D-4184-AD4B-7D0DEAB2BFBC}.Debug|x64.Deploy.0 = Debug|x64
		{45CB82A5-BF5D-4184-AD4B-7D0DEAB2BFBC}.Debug|x86.ActiveCfg = Debug|x86
		{45CB82A5-BF5D-4184-AD4B-7D0DEAB2BFBC}.Debug|x86.Build.0 = Debug|x86
		{45CB82A5-BF5D-4184-AD4B-7D0DEAB2BFBC}.Debug|x86.Deploy.0 = Debug|x86
		{45CB82A5-BF5D-4184-AD4B-7D0DEAB2BFBC}.Release|Any CPU.ActiveCfg = Release|Any CPU
		{45CB82A5-BF5D-4184-AD4B-7D0DEAB2BFBC}.Release|Any CPU.Build.0 = Release|Any CPU
		{45CB82A5-BF5D-4184-AD4B-7D0DEAB2BFBC}.Release|Any CPU.Deploy.0 = Release|Any CPU
		{45CB82A5-BF5D-4184-AD4B-7D0DEAB2BFBC}.Release|ARM.ActiveCfg = Release|ARM
		{45CB82A5-BF5D-4184-AD4B-7D0DEAB2BFBC}.Release|ARM.Build.0 = Release|ARM
		{45CB82A5-BF5D-4184-AD4B-7D0DEAB2BFBC}.Release|ARM.Deploy.0 = Release|ARM
		{45CB82A5-BF5D-4184-AD4B-7D0DEAB2BFBC}.Release|x64.ActiveCfg = Release|x64
		{45CB82A5-BF5D-4184-AD4B-7D0DEAB2BFBC}.Release|x64.Build.0 = Release|x64
		{45CB82A5-BF5D-4184-AD4B-7D0DEAB2BFBC}.Release|x64.Deploy.0 = Release|x64
		{45CB82A5-BF5D-4184-AD4B-7D0DEAB2BFBC}.Release|x86.ActiveCfg = Release|x86
		{45CB82A5-BF5D-4184-AD4B-7D0DEAB2BFBC}.Release|x86.Build.0 = Release|x86
		{45CB82A5-BF5D-4184-AD4B-7D0DEAB2BFBC}.Release|x86.Deploy.0 = Release|x86
	EndGlobalSection
	GlobalSection(SolutionProperties) = preSolution
		HideSolutionNode = FALSE
	EndGlobalSection
	GlobalSection(Performance) = preSolution
		HasPerformanceSessions = true
	EndGlobalSection
EndGlobal
