
Microsoft Visual Studio Solution File, Format Version 11.00
# Visual Studio 2010
Project("{FAE04EC0-301F-11D3-BF4B-00C04F79EFBC}") = "XNASwarms", "XNASwarms\XNASwarms\XNASwarms.csproj", "{6AC8CB04-F3C8-49AA-9CB5-F7981E002B14}"
EndProject
Project("{FAE04EC0-301F-11D3-BF4B-00C04F79EFBC}") = "XNASwarmsContent", "XNASwarms\XNASwarmsContent\XNASwarmsContent.contentproj", "{9BE8FEF4-E615-4772-B716-E62043467D74}"
EndProject
Project("{FAE04EC0-301F-11D3-BF4B-00C04F79EFBC}") = "ScreenSystem", "ScreenSystem\ScreenSystem.csproj", "{45FA38FB-3602-4160-9C46-23FDDD7A05E7}"
EndProject
Project("{FAE04EC0-301F-11D3-BF4B-00C04F79EFBC}") = "SwarmEngine", "SwarmEngine\SwarmEngine.csproj", "{6C3EFB94-062C-4EF9-9A72-1B561782E1A4}"
EndProject
Project("{FAE04EC0-301F-11D3-BF4B-00C04F79EFBC}") = "SwarmAnalysisEngine", "SwarmAnalysisEngine\SwarmAnalysisEngine.csproj", "{B995B1B8-65B9-4057-969F-AA229C750A83}"
EndProject
Project("{FAE04EC0-301F-11D3-BF4B-00C04F79EFBC}") = "VSS", "VSS\VSS.csproj", "{CAC3FCBE-1C69-4B9A-BB4E-9832CEF1DA6F}"
EndProject
Project("{FAE04EC0-301F-11D3-BF4B-00C04F79EFBC}") = "SwarmAudio", "SwarmAudio\SwarmAudio.csproj", "{CF97AA65-F6BF-4F06-B35A-20D3BB09EFF3}"
EndProject
Project("{FAE04EC0-301F-11D3-BF4B-00C04F79EFBC}") = "SwarmAudioConsole", "SwarmAudioConsole\SwarmAudioConsole.csproj", "{7AC1321F-ED40-4A47-A397-31F01C0D18BB}"
EndProject
Global
	GlobalSection(SolutionConfigurationPlatforms) = preSolution
		Debug|Any CPU = Debug|Any CPU
		Debug|Mixed Platforms = Debug|Mixed Platforms
		Debug|Windows Phone = Debug|Windows Phone
		Debug|x86 = Debug|x86
		Release|Any CPU = Release|Any CPU
		Release|Mixed Platforms = Release|Mixed Platforms
		Release|Windows Phone = Release|Windows Phone
		Release|x86 = Release|x86
	EndGlobalSection
	GlobalSection(ProjectConfigurationPlatforms) = postSolution
		{6AC8CB04-F3C8-49AA-9CB5-F7981E002B14}.Debug|Any CPU.ActiveCfg = Debug|x86
		{6AC8CB04-F3C8-49AA-9CB5-F7981E002B14}.Debug|Mixed Platforms.ActiveCfg = Debug|x86
		{6AC8CB04-F3C8-49AA-9CB5-F7981E002B14}.Debug|Mixed Platforms.Build.0 = Debug|x86
		{6AC8CB04-F3C8-49AA-9CB5-F7981E002B14}.Debug|Windows Phone.ActiveCfg = Debug|x86
		{6AC8CB04-F3C8-49AA-9CB5-F7981E002B14}.Debug|Windows Phone.Build.0 = Debug|x86
		{6AC8CB04-F3C8-49AA-9CB5-F7981E002B14}.Debug|x86.ActiveCfg = Debug|x86
		{6AC8CB04-F3C8-49AA-9CB5-F7981E002B14}.Debug|x86.Build.0 = Debug|x86
		{6AC8CB04-F3C8-49AA-9CB5-F7981E002B14}.Release|Any CPU.ActiveCfg = Release|x86
		{6AC8CB04-F3C8-49AA-9CB5-F7981E002B14}.Release|Mixed Platforms.ActiveCfg = Release|x86
		{6AC8CB04-F3C8-49AA-9CB5-F7981E002B14}.Release|Mixed Platforms.Build.0 = Release|x86
		{6AC8CB04-F3C8-49AA-9CB5-F7981E002B14}.Release|Windows Phone.ActiveCfg = Release|x86
		{6AC8CB04-F3C8-49AA-9CB5-F7981E002B14}.Release|Windows Phone.Build.0 = Release|x86
		{6AC8CB04-F3C8-49AA-9CB5-F7981E002B14}.Release|x86.ActiveCfg = Release|x86
		{6AC8CB04-F3C8-49AA-9CB5-F7981E002B14}.Release|x86.Build.0 = Release|x86
		{9BE8FEF4-E615-4772-B716-E62043467D74}.Debug|Any CPU.ActiveCfg = Debug|x86
		{9BE8FEF4-E615-4772-B716-E62043467D74}.Debug|Mixed Platforms.ActiveCfg = Debug|x86
		{9BE8FEF4-E615-4772-B716-E62043467D74}.Debug|Windows Phone.ActiveCfg = Debug|x86
		{9BE8FEF4-E615-4772-B716-E62043467D74}.Debug|x86.ActiveCfg = Debug|x86
		{9BE8FEF4-E615-4772-B716-E62043467D74}.Release|Any CPU.ActiveCfg = Release|x86
		{9BE8FEF4-E615-4772-B716-E62043467D74}.Release|Mixed Platforms.ActiveCfg = Release|x86
		{9BE8FEF4-E615-4772-B716-E62043467D74}.Release|Windows Phone.ActiveCfg = Release|x86
		{9BE8FEF4-E615-4772-B716-E62043467D74}.Release|x86.ActiveCfg = Release|x86
		{45FA38FB-3602-4160-9C46-23FDDD7A05E7}.Debug|Any CPU.ActiveCfg = Debug|x86
		{45FA38FB-3602-4160-9C46-23FDDD7A05E7}.Debug|Mixed Platforms.ActiveCfg = Debug|x86
		{45FA38FB-3602-4160-9C46-23FDDD7A05E7}.Debug|Mixed Platforms.Build.0 = Debug|x86
		{45FA38FB-3602-4160-9C46-23FDDD7A05E7}.Debug|Windows Phone.ActiveCfg = Debug|x86
		{45FA38FB-3602-4160-9C46-23FDDD7A05E7}.Debug|x86.ActiveCfg = Debug|x86
		{45FA38FB-3602-4160-9C46-23FDDD7A05E7}.Debug|x86.Build.0 = Debug|x86
		{45FA38FB-3602-4160-9C46-23FDDD7A05E7}.Release|Any CPU.ActiveCfg = Release|x86
		{45FA38FB-3602-4160-9C46-23FDDD7A05E7}.Release|Mixed Platforms.ActiveCfg = Release|x86
		{45FA38FB-3602-4160-9C46-23FDDD7A05E7}.Release|Mixed Platforms.Build.0 = Release|x86
		{45FA38FB-3602-4160-9C46-23FDDD7A05E7}.Release|Windows Phone.ActiveCfg = Release|x86
		{45FA38FB-3602-4160-9C46-23FDDD7A05E7}.Release|x86.ActiveCfg = Release|x86
		{45FA38FB-3602-4160-9C46-23FDDD7A05E7}.Release|x86.Build.0 = Release|x86
		{6C3EFB94-062C-4EF9-9A72-1B561782E1A4}.Debug|Any CPU.ActiveCfg = Debug|x86
		{6C3EFB94-062C-4EF9-9A72-1B561782E1A4}.Debug|Mixed Platforms.ActiveCfg = Debug|x86
		{6C3EFB94-062C-4EF9-9A72-1B561782E1A4}.Debug|Mixed Platforms.Build.0 = Debug|x86
		{6C3EFB94-062C-4EF9-9A72-1B561782E1A4}.Debug|Windows Phone.ActiveCfg = Debug|x86
		{6C3EFB94-062C-4EF9-9A72-1B561782E1A4}.Debug|x86.ActiveCfg = Debug|x86
		{6C3EFB94-062C-4EF9-9A72-1B561782E1A4}.Debug|x86.Build.0 = Debug|x86
		{6C3EFB94-062C-4EF9-9A72-1B561782E1A4}.Release|Any CPU.ActiveCfg = Release|x86
		{6C3EFB94-062C-4EF9-9A72-1B561782E1A4}.Release|Mixed Platforms.ActiveCfg = Release|x86
		{6C3EFB94-062C-4EF9-9A72-1B561782E1A4}.Release|Mixed Platforms.Build.0 = Release|x86
		{6C3EFB94-062C-4EF9-9A72-1B561782E1A4}.Release|Windows Phone.ActiveCfg = Release|x86
		{6C3EFB94-062C-4EF9-9A72-1B561782E1A4}.Release|x86.ActiveCfg = Release|x86
		{6C3EFB94-062C-4EF9-9A72-1B561782E1A4}.Release|x86.Build.0 = Release|x86
		{B995B1B8-65B9-4057-969F-AA229C750A83}.Debug|Any CPU.ActiveCfg = Debug|x86
		{B995B1B8-65B9-4057-969F-AA229C750A83}.Debug|Mixed Platforms.ActiveCfg = Debug|x86
		{B995B1B8-65B9-4057-969F-AA229C750A83}.Debug|Mixed Platforms.Build.0 = Debug|x86
		{B995B1B8-65B9-4057-969F-AA229C750A83}.Debug|Windows Phone.ActiveCfg = Debug|x86
		{B995B1B8-65B9-4057-969F-AA229C750A83}.Debug|x86.ActiveCfg = Debug|x86
		{B995B1B8-65B9-4057-969F-AA229C750A83}.Debug|x86.Build.0 = Debug|x86
		{B995B1B8-65B9-4057-969F-AA229C750A83}.Release|Any CPU.ActiveCfg = Release|x86
		{B995B1B8-65B9-4057-969F-AA229C750A83}.Release|Mixed Platforms.ActiveCfg = Release|x86
		{B995B1B8-65B9-4057-969F-AA229C750A83}.Release|Mixed Platforms.Build.0 = Release|x86
		{B995B1B8-65B9-4057-969F-AA229C750A83}.Release|Windows Phone.ActiveCfg = Release|x86
		{B995B1B8-65B9-4057-969F-AA229C750A83}.Release|x86.ActiveCfg = Release|x86
		{B995B1B8-65B9-4057-969F-AA229C750A83}.Release|x86.Build.0 = Release|x86
		{CAC3FCBE-1C69-4B9A-BB4E-9832CEF1DA6F}.Debug|Any CPU.ActiveCfg = Debug|Any CPU
		{CAC3FCBE-1C69-4B9A-BB4E-9832CEF1DA6F}.Debug|Any CPU.Build.0 = Debug|Any CPU
		{CAC3FCBE-1C69-4B9A-BB4E-9832CEF1DA6F}.Debug|Mixed Platforms.ActiveCfg = Debug|Any CPU
		{CAC3FCBE-1C69-4B9A-BB4E-9832CEF1DA6F}.Debug|Mixed Platforms.Build.0 = Debug|Any CPU
		{CAC3FCBE-1C69-4B9A-BB4E-9832CEF1DA6F}.Debug|Windows Phone.ActiveCfg = Debug|Any CPU
		{CAC3FCBE-1C69-4B9A-BB4E-9832CEF1DA6F}.Debug|x86.ActiveCfg = Debug|Any CPU
		{CAC3FCBE-1C69-4B9A-BB4E-9832CEF1DA6F}.Release|Any CPU.ActiveCfg = Release|Any CPU
		{CAC3FCBE-1C69-4B9A-BB4E-9832CEF1DA6F}.Release|Any CPU.Build.0 = Release|Any CPU
		{CAC3FCBE-1C69-4B9A-BB4E-9832CEF1DA6F}.Release|Mixed Platforms.ActiveCfg = Release|Any CPU
		{CAC3FCBE-1C69-4B9A-BB4E-9832CEF1DA6F}.Release|Mixed Platforms.Build.0 = Release|Any CPU
		{CAC3FCBE-1C69-4B9A-BB4E-9832CEF1DA6F}.Release|Windows Phone.ActiveCfg = Release|Any CPU
		{CAC3FCBE-1C69-4B9A-BB4E-9832CEF1DA6F}.Release|x86.ActiveCfg = Release|Any CPU
		{CF97AA65-F6BF-4F06-B35A-20D3BB09EFF3}.Debug|Any CPU.ActiveCfg = Debug|x86
		{CF97AA65-F6BF-4F06-B35A-20D3BB09EFF3}.Debug|Mixed Platforms.ActiveCfg = Debug|x86
		{CF97AA65-F6BF-4F06-B35A-20D3BB09EFF3}.Debug|Mixed Platforms.Build.0 = Debug|x86
		{CF97AA65-F6BF-4F06-B35A-20D3BB09EFF3}.Debug|Windows Phone.ActiveCfg = Debug|x86
		{CF97AA65-F6BF-4F06-B35A-20D3BB09EFF3}.Debug|x86.ActiveCfg = Debug|x86
		{CF97AA65-F6BF-4F06-B35A-20D3BB09EFF3}.Debug|x86.Build.0 = Debug|x86
		{CF97AA65-F6BF-4F06-B35A-20D3BB09EFF3}.Release|Any CPU.ActiveCfg = Release|x86
		{CF97AA65-F6BF-4F06-B35A-20D3BB09EFF3}.Release|Mixed Platforms.ActiveCfg = Release|x86
		{CF97AA65-F6BF-4F06-B35A-20D3BB09EFF3}.Release|Mixed Platforms.Build.0 = Release|x86
		{CF97AA65-F6BF-4F06-B35A-20D3BB09EFF3}.Release|Windows Phone.ActiveCfg = Release|x86
		{CF97AA65-F6BF-4F06-B35A-20D3BB09EFF3}.Release|x86.ActiveCfg = Release|x86
		{CF97AA65-F6BF-4F06-B35A-20D3BB09EFF3}.Release|x86.Build.0 = Release|x86
		{7AC1321F-ED40-4A47-A397-31F01C0D18BB}.Debug|Any CPU.ActiveCfg = Debug|x86
		{7AC1321F-ED40-4A47-A397-31F01C0D18BB}.Debug|Mixed Platforms.ActiveCfg = Debug|x86
		{7AC1321F-ED40-4A47-A397-31F01C0D18BB}.Debug|Mixed Platforms.Build.0 = Debug|x86
		{7AC1321F-ED40-4A47-A397-31F01C0D18BB}.Debug|Windows Phone.ActiveCfg = Debug|x86
		{7AC1321F-ED40-4A47-A397-31F01C0D18BB}.Debug|x86.ActiveCfg = Debug|x86
		{7AC1321F-ED40-4A47-A397-31F01C0D18BB}.Debug|x86.Build.0 = Debug|x86
		{7AC1321F-ED40-4A47-A397-31F01C0D18BB}.Release|Any CPU.ActiveCfg = Release|x86
		{7AC1321F-ED40-4A47-A397-31F01C0D18BB}.Release|Mixed Platforms.ActiveCfg = Release|x86
		{7AC1321F-ED40-4A47-A397-31F01C0D18BB}.Release|Mixed Platforms.Build.0 = Release|x86
		{7AC1321F-ED40-4A47-A397-31F01C0D18BB}.Release|Windows Phone.ActiveCfg = Release|x86
		{7AC1321F-ED40-4A47-A397-31F01C0D18BB}.Release|x86.ActiveCfg = Release|x86
		{7AC1321F-ED40-4A47-A397-31F01C0D18BB}.Release|x86.Build.0 = Release|x86
	EndGlobalSection
	GlobalSection(SolutionProperties) = preSolution
		HideSolutionNode = FALSE
	EndGlobalSection
EndGlobal
